
Microsoft Visual Studio Solution File, Format Version 12.00
Project("{FAE04EC0-301F-11D3-BF4B-00C04F79EFBC}") = "AutoAllocator", "AutoAllocator\AutoAllocator.csproj", "{92D62238-4CCC-4F68-AC9C-3537B10028BC}"
EndProject
Project("{2150E333-8FDC-42A3-9474-1A3956D46DE8}") = "Solution Files", "Solution Files", "{373C9B38-8F2F-4065-AED4-88BCDC4C61A7}"
	ProjectSection(SolutionItems) = preProject
		.gitignore = .gitignore
	EndProjectSection
EndProject
Global
	GlobalSection(SolutionConfigurationPlatforms) = preSolution
		Debug|Any CPU = Debug|Any CPU
		Release|Any CPU = Release|Any CPU
	EndGlobalSection
	GlobalSection(ProjectConfigurationPlatforms) = postSolution
		{92D62238-4CCC-4F68-AC9C-3537B10028BC}.Debug|Any CPU.ActiveCfg = Debug|Any CPU
		{92D62238-4CCC-4F68-AC9C-3537B10028BC}.Debug|Any CPU.Build.0 = Debug|Any CPU
		{92D62238-4CCC-4F68-AC9C-3537B10028BC}.Release|Any CPU.ActiveCfg = Release|Any CPU
		{92D62238-4CCC-4F68-AC9C-3537B10028BC}.Release|Any CPU.Build.0 = Release|Any CPU
	EndGlobalSection
EndGlobal
